
Microsoft Visual Studio Solution File, Format Version 12.00
Project("{FAE04EC0-301F-11D3-BF4B-00C04F79EFBC}") = "GrowOnlyCounter", "GrowOnlyCounter\GrowOnlyCounter.csproj", "{277A4238-92D2-417D-B84E-1E0B8DE46146}"
EndProject
Project("{FAE04EC0-301F-11D3-BF4B-00C04F79EFBC}") = "GrowOnlyCounterTests", "GrowOnlyCounterTests\GrowOnlyCounterTests.csproj", "{3DCE8F1C-AB3E-4DCA-80C9-8DBF52F11FEA}"
EndProject
Global
	GlobalSection(SolutionConfigurationPlatforms) = preSolution
		Debug|Any CPU = Debug|Any CPU
		Release|Any CPU = Release|Any CPU
	EndGlobalSection
	GlobalSection(ProjectConfigurationPlatforms) = postSolution
		{277A4238-92D2-417D-B84E-1E0B8DE46146}.Debug|Any CPU.ActiveCfg = Debug|Any CPU
		{277A4238-92D2-417D-B84E-1E0B8DE46146}.Debug|Any CPU.Build.0 = Debug|Any CPU
		{277A4238-92D2-417D-B84E-1E0B8DE46146}.Release|Any CPU.ActiveCfg = Release|Any CPU
		{277A4238-92D2-417D-B84E-1E0B8DE46146}.Release|Any CPU.Build.0 = Release|Any CPU
		{3DCE8F1C-AB3E-4DCA-80C9-8DBF52F11FEA}.Debug|Any CPU.ActiveCfg = Debug|Any CPU
		{3DCE8F1C-AB3E-4DCA-80C9-8DBF52F11FEA}.Debug|Any CPU.Build.0 = Debug|Any CPU
		{3DCE8F1C-AB3E-4DCA-80C9-8DBF52F11FEA}.Release|Any CPU.ActiveCfg = Release|Any CPU
		{3DCE8F1C-AB3E-4DCA-80C9-8DBF52F11FEA}.Release|Any CPU.Build.0 = Release|Any CPU
	EndGlobalSection
EndGlobal
